
Microsoft Visual Studio Solution File, Format Version 12.00
# Visual Studio Version 16
VisualStudioVersion = 16.0.31702.278
MinimumVisualStudioVersion = 10.0.40219.1
Project("{FAE04EC0-301F-11D3-BF4B-00C04F79EFBC}") = "AbstractandInterfaceExample", "AbstractandInterfaceExample.csproj", "{C4F9A485-661E-406B-AE57-27A642722C8F}"
EndProject
Global
	GlobalSection(SolutionConfigurationPlatforms) = preSolution
		Debug|Any CPU = Debug|Any CPU
		Release|Any CPU = Release|Any CPU
	EndGlobalSection
	GlobalSection(ProjectConfigurationPlatforms) = postSolution
		{C4F9A485-661E-406B-AE57-27A642722C8F}.Debug|Any CPU.ActiveCfg = Debug|Any CPU
		{C4F9A485-661E-406B-AE57-27A642722C8F}.Debug|Any CPU.Build.0 = Debug|Any CPU
		{C4F9A485-661E-406B-AE57-27A642722C8F}.Release|Any CPU.ActiveCfg = Release|Any CPU
		{C4F9A485-661E-406B-AE57-27A642722C8F}.Release|Any CPU.Build.0 = Release|Any CPU
	EndGlobalSection
	GlobalSection(SolutionProperties) = preSolution
		HideSolutionNode = FALSE
	EndGlobalSection
	GlobalSection(ExtensibilityGlobals) = postSolution
		SolutionGuid = {CBF1F819-DA7D-4821-8441-E36A172113B5}
	EndGlobalSection
EndGlobal
